// !$*UTF8*$!
{
	archiveVersion = 1;
	classes = {
	};
	objectVersion = 56;
	objects = {

/* Begin PBXBuildFile section */
		4A70271B2A559229001E5DFA /* AppDelegate.swift in Sources */ = {isa = PBXBuildFile; fileRef = 4A70271A2A559229001E5DFA /* AppDelegate.swift */; };
		4A70271D2A559229001E5DFA /* SceneDelegate.swift in Sources */ = {isa = PBXBuildFile; fileRef = 4A70271C2A559229001E5DFA /* SceneDelegate.swift */; };
		4A70271F2A559229001E5DFA /* ViewController.swift in Sources */ = {isa = PBXBuildFile; fileRef = 4A70271E2A559229001E5DFA /* ViewController.swift */; };
		4A7027222A559229001E5DFA /* Main.storyboard in Resources */ = {isa = PBXBuildFile; fileRef = 4A7027202A559229001E5DFA /* Main.storyboard */; };
		4A7027242A55922A001E5DFA /* Assets.xcassets in Resources */ = {isa = PBXBuildFile; fileRef = 4A7027232A55922A001E5DFA /* Assets.xcassets */; };
		4A7027272A55922A001E5DFA /* LaunchScreen.storyboard in Resources */ = {isa = PBXBuildFile; fileRef = 4A7027252A55922A001E5DFA /* LaunchScreen.storyboard */; };
		4A7027322A55922A001E5DFA /* ExRefactor_11_1Tests.swift in Sources */ = {isa = PBXBuildFile; fileRef = 4A7027312A55922A001E5DFA /* ExRefactor_11_1Tests.swift */; };
		4A70273C2A55922A001E5DFA /* ExRefactor_11_1UITests.swift in Sources */ = {isa = PBXBuildFile; fileRef = 4A70273B2A55922A001E5DFA /* ExRefactor_11_1UITests.swift */; };
		4A70273E2A55922A001E5DFA /* ExRefactor_11_1UITestsLaunchTests.swift in Sources */ = {isa = PBXBuildFile; fileRef = 4A70273D2A55922A001E5DFA /* ExRefactor_11_1UITestsLaunchTests.swift */; };
/* End PBXBuildFile section */

/* Begin PBXContainerItemProxy section */
		4A70272E2A55922A001E5DFA /* PBXContainerItemProxy */ = {
			isa = PBXContainerItemProxy;
			containerPortal = 4A70270F2A559229001E5DFA /* Project object */;
			proxyType = 1;
			remoteGlobalIDString = 4A7027162A559229001E5DFA;
			remoteInfo = ExRefactor_11_1;
		};
		4A7027382A55922A001E5DFA /* PBXContainerItemProxy */ = {
			isa = PBXContainerItemProxy;
			containerPortal = 4A70270F2A559229001E5DFA /* Project object */;
			proxyType = 1;
			remoteGlobalIDString = 4A7027162A559229001E5DFA;
			remoteInfo = ExRefactor_11_1;
		};
/* End PBXContainerItemProxy section */

/* Begin PBXFileReference section */
		4A7027172A559229001E5DFA /* ExRefactor_11_1.app */ = {isa = PBXFileReference; explicitFileType = wrapper.application; includeInIndex = 0; path = ExRefactor_11_1.app; sourceTree = BUILT_PRODUCTS_DIR; };
		4A70271A2A559229001E5DFA /* AppDelegate.swift */ = {isa = PBXFileReference; lastKnownFileType = sourcecode.swift; path = AppDelegate.swift; sourceTree = "<group>"; };
		4A70271C2A559229001E5DFA /* SceneDelegate.swift */ = {isa = PBXFileReference; lastKnownFileType = sourcecode.swift; path = SceneDelegate.swift; sourceTree = "<group>"; };
		4A70271E2A559229001E5DFA /* ViewController.swift */ = {isa = PBXFileReference; lastKnownFileType = sourcecode.swift; path = ViewController.swift; sourceTree = "<group>"; };
		4A7027212A559229001E5DFA /* Base */ = {isa = PBXFileReference; lastKnownFileType = file.storyboard; name = Base; path = Base.lproj/Main.storyboard; sourceTree = "<group>"; };
		4A7027232A55922A001E5DFA /* Assets.xcassets */ = {isa = PBXFileReference; lastKnownFileType = folder.assetcatalog; path = Assets.xcassets; sourceTree = "<group>"; };
		4A7027262A55922A001E5DFA /* Base */ = {isa = PBXFileReference; lastKnownFileType = file.storyboard; name = Base; path = Base.lproj/LaunchScreen.storyboard; sourceTree = "<group>"; };
		4A7027282A55922A001E5DFA /* Info.plist */ = {isa = PBXFileReference; lastKnownFileType = text.plist.xml; path = Info.plist; sourceTree = "<group>"; };
		4A70272D2A55922A001E5DFA /* ExRefactor_11_1Tests.xctest */ = {isa = PBXFileReference; explicitFileType = wrapper.cfbundle; includeInIndex = 0; path = ExRefactor_11_1Tests.xctest; sourceTree = BUILT_PRODUCTS_DIR; };
		4A7027312A55922A001E5DFA /* ExRefactor_11_1Tests.swift */ = {isa = PBXFileReference; lastKnownFileType = sourcecode.swift; path = ExRefactor_11_1Tests.swift; sourceTree = "<group>"; };
		4A7027372A55922A001E5DFA /* ExRefactor_11_1UITests.xctest */ = {isa = PBXFileReference; explicitFileType = wrapper.cfbundle; includeInIndex = 0; path = ExRefactor_11_1UITests.xctest; sourceTree = BUILT_PRODUCTS_DIR; };
		4A70273B2A55922A001E5DFA /* ExRefactor_11_1UITests.swift */ = {isa = PBXFileReference; lastKnownFileType = sourcecode.swift; path = ExRefactor_11_1UITests.swift; sourceTree = "<group>"; };
		4A70273D2A55922A001E5DFA /* ExRefactor_11_1UITestsLaunchTests.swift */ = {isa = PBXFileReference; lastKnownFileType = sourcecode.swift; path = ExRefactor_11_1UITestsLaunchTests.swift; sourceTree = "<group>"; };
/* End PBXFileReference section */

/* Begin PBXFrameworksBuildPhase section */
		4A7027142A559229001E5DFA /* Frameworks */ = {
			isa = PBXFrameworksBuildPhase;
			buildActionMask = 2147483647;
			files = (
			);
			runOnlyForDeploymentPostprocessing = 0;
		};
		4A70272A2A55922A001E5DFA /* Frameworks */ = {
			isa = PBXFrameworksBuildPhase;
			buildActionMask = 2147483647;
			files = (
			);
			runOnlyForDeploymentPostprocessing = 0;
		};
		4A7027342A55922A001E5DFA /* Frameworks */ = {
			isa = PBXFrameworksBuildPhase;
			buildActionMask = 2147483647;
			files = (
			);
			runOnlyForDeploymentPostprocessing = 0;
		};
/* End PBXFrameworksBuildPhase section */

/* Begin PBXGroup section */
		4A70270E2A559229001E5DFA = {
			isa = PBXGroup;
			children = (
				4A7027192A559229001E5DFA /* ExRefactor_11_1 */,
				4A7027302A55922A001E5DFA /* ExRefactor_11_1Tests */,
				4A70273A2A55922A001E5DFA /* ExRefactor_11_1UITests */,
				4A7027182A559229001E5DFA /* Products */,
			);
			sourceTree = "<group>";
		};
		4A7027182A559229001E5DFA /* Products */ = {
			isa = PBXGroup;
			children = (
				4A7027172A559229001E5DFA /* ExRefactor_11_1.app */,
				4A70272D2A55922A001E5DFA /* ExRefactor_11_1Tests.xctest */,
				4A7027372A55922A001E5DFA /* ExRefactor_11_1UITests.xctest */,
			);
			name = Products;
			sourceTree = "<group>";
		};
		4A7027192A559229001E5DFA /* ExRefactor_11_1 */ = {
			isa = PBXGroup;
			children = (
				4A70271A2A559229001E5DFA /* AppDelegate.swift */,
				4A70271C2A559229001E5DFA /* SceneDelegate.swift */,
				4A70271E2A559229001E5DFA /* ViewController.swift */,
				4A7027202A559229001E5DFA /* Main.storyboard */,
				4A7027232A55922A001E5DFA /* Assets.xcassets */,
				4A7027252A55922A001E5DFA /* LaunchScreen.storyboard */,
				4A7027282A55922A001E5DFA /* Info.plist */,
			);
			path = ExRefactor_11_1;
			sourceTree = "<group>";
		};
		4A7027302A55922A001E5DFA /* ExRefactor_11_1Tests */ = {
			isa = PBXGroup;
			children = (
				4A7027312A55922A001E5DFA /* ExRefactor_11_1Tests.swift */,
			);
			path = ExRefactor_11_1Tests;
			sourceTree = "<group>";
		};
		4A70273A2A55922A001E5DFA /* ExRefactor_11_1UITests */ = {
			isa = PBXGroup;
			children = (
				4A70273B2A55922A001E5DFA /* ExRefactor_11_1UITests.swift */,
				4A70273D2A55922A001E5DFA /* ExRefactor_11_1UITestsLaunchTests.swift */,
			);
			path = ExRefactor_11_1UITests;
			sourceTree = "<group>";
		};
/* End PBXGroup section */

/* Begin PBXNativeTarget section */
		4A7027162A559229001E5DFA /* ExRefactor_11_1 */ = {
			isa = PBXNativeTarget;
			buildConfigurationList = 4A7027412A55922A001E5DFA /* Build configuration list for PBXNativeTarget "ExRefactor_11_1" */;
			buildPhases = (
				4A7027132A559229001E5DFA /* Sources */,
				4A7027142A559229001E5DFA /* Frameworks */,
				4A7027152A559229001E5DFA /* Resources */,
			);
			buildRules = (
			);
			dependencies = (
			);
			name = ExRefactor_11_1;
			productName = ExRefactor_11_1;
			productReference = 4A7027172A559229001E5DFA /* ExRefactor_11_1.app */;
			productType = "com.apple.product-type.application";
		};
		4A70272C2A55922A001E5DFA /* ExRefactor_11_1Tests */ = {
			isa = PBXNativeTarget;
			buildConfigurationList = 4A7027442A55922A001E5DFA /* Build configuration list for PBXNativeTarget "ExRefactor_11_1Tests" */;
			buildPhases = (
				4A7027292A55922A001E5DFA /* Sources */,
				4A70272A2A55922A001E5DFA /* Frameworks */,
				4A70272B2A55922A001E5DFA /* Resources */,
			);
			buildRules = (
			);
			dependencies = (
				4A70272F2A55922A001E5DFA /* PBXTargetDependency */,
			);
			name = ExRefactor_11_1Tests;
			productName = ExRefactor_11_1Tests;
			productReference = 4A70272D2A55922A001E5DFA /* ExRefactor_11_1Tests.xctest */;
			productType = "com.apple.product-type.bundle.unit-test";
		};
		4A7027362A55922A001E5DFA /* ExRefactor_11_1UITests */ = {
			isa = PBXNativeTarget;
			buildConfigurationList = 4A7027472A55922A001E5DFA /* Build configuration list for PBXNativeTarget "ExRefactor_11_1UITests" */;
			buildPhases = (
				4A7027332A55922A001E5DFA /* Sources */,
				4A7027342A55922A001E5DFA /* Frameworks */,
				4A7027352A55922A001E5DFA /* Resources */,
			);
			buildRules = (
			);
			dependencies = (
				4A7027392A55922A001E5DFA /* PBXTargetDependency */,
			);
			name = ExRefactor_11_1UITests;
			productName = ExRefactor_11_1UITests;
			productReference = 4A7027372A55922A001E5DFA /* ExRefactor_11_1UITests.xctest */;
			productType = "com.apple.product-type.bundle.ui-testing";
		};
/* End PBXNativeTarget section */

/* Begin PBXProject section */
		4A70270F2A559229001E5DFA /* Project object */ = {
			isa = PBXProject;
			attributes = {
				BuildIndependentTargetsInParallel = 1;
				LastSwiftUpdateCheck = 1430;
				LastUpgradeCheck = 1430;
				TargetAttributes = {
					4A7027162A559229001E5DFA = {
						CreatedOnToolsVersion = 14.3.1;
					};
					4A70272C2A55922A001E5DFA = {
						CreatedOnToolsVersion = 14.3.1;
						TestTargetID = 4A7027162A559229001E5DFA;
					};
					4A7027362A55922A001E5DFA = {
						CreatedOnToolsVersion = 14.3.1;
						TestTargetID = 4A7027162A559229001E5DFA;
					};
				};
			};
			buildConfigurationList = 4A7027122A559229001E5DFA /* Build configuration list for PBXProject "ExRefactor_11_1" */;
			compatibilityVersion = "Xcode 14.0";
			developmentRegion = en;
			hasScannedForEncodings = 0;
			knownRegions = (
				en,
				Base,
			);
			mainGroup = 4A70270E2A559229001E5DFA;
			productRefGroup = 4A7027182A559229001E5DFA /* Products */;
			projectDirPath = "";
			projectRoot = "";
			targets = (
				4A7027162A559229001E5DFA /* ExRefactor_11_1 */,
				4A70272C2A55922A001E5DFA /* ExRefactor_11_1Tests */,
				4A7027362A55922A001E5DFA /* ExRefactor_11_1UITests */,
			);
		};
/* End PBXProject section */

/* Begin PBXResourcesBuildPhase section */
		4A7027152A559229001E5DFA /* Resources */ = {
			isa = PBXResourcesBuildPhase;
			buildActionMask = 2147483647;
			files = (
				4A7027272A55922A001E5DFA /* LaunchScreen.storyboard in Resources */,
				4A7027242A55922A001E5DFA /* Assets.xcassets in Resources */,
				4A7027222A559229001E5DFA /* Main.storyboard in Resources */,
			);
			runOnlyForDeploymentPostprocessing = 0;
		};
		4A70272B2A55922A001E5DFA /* Resources */ = {
			isa = PBXResourcesBuildPhase;
			buildActionMask = 2147483647;
			files = (
			);
			runOnlyForDeploymentPostprocessing = 0;
		};
		4A7027352A55922A001E5DFA /* Resources */ = {
			isa = PBXResourcesBuildPhase;
			buildActionMask = 2147483647;
			files = (
			);
			runOnlyForDeploymentPostprocessing = 0;
		};
/* End PBXResourcesBuildPhase section */

/* Begin PBXSourcesBuildPhase section */
		4A7027132A559229001E5DFA /* Sources */ = {
			isa = PBXSourcesBuildPhase;
			buildActionMask = 2147483647;
			files = (
				4A70271F2A559229001E5DFA /* ViewController.swift in Sources */,
				4A70271B2A559229001E5DFA /* AppDelegate.swift in Sources */,
				4A70271D2A559229001E5DFA /* SceneDelegate.swift in Sources */,
			);
			runOnlyForDeploymentPostprocessing = 0;
		};
		4A7027292A55922A001E5DFA /* Sources */ = {
			isa = PBXSourcesBuildPhase;
			buildActionMask = 2147483647;
			files = (
				4A7027322A55922A001E5DFA /* ExRefactor_11_1Tests.swift in Sources */,
			);
			runOnlyForDeploymentPostprocessing = 0;
		};
		4A7027332A55922A001E5DFA /* Sources */ = {
			isa = PBXSourcesBuildPhase;
			buildActionMask = 2147483647;
			files = (
				4A70273C2A55922A001E5DFA /* ExRefactor_11_1UITests.swift in Sources */,
				4A70273E2A55922A001E5DFA /* ExRefactor_11_1UITestsLaunchTests.swift in Sources */,
			);
			runOnlyForDeploymentPostprocessing = 0;
		};
/* End PBXSourcesBuildPhase section */

/* Begin PBXTargetDependency section */
		4A70272F2A55922A001E5DFA /* PBXTargetDependency */ = {
			isa = PBXTargetDependency;
			target = 4A7027162A559229001E5DFA /* ExRefactor_11_1 */;
			targetProxy = 4A70272E2A55922A001E5DFA /* PBXContainerItemProxy */;
		};
		4A7027392A55922A001E5DFA /* PBXTargetDependency */ = {
			isa = PBXTargetDependency;
			target = 4A7027162A559229001E5DFA /* ExRefactor_11_1 */;
			targetProxy = 4A7027382A55922A001E5DFA /* PBXContainerItemProxy */;
		};
/* End PBXTargetDependency section */

/* Begin PBXVariantGroup section */
		4A7027202A559229001E5DFA /* Main.storyboard */ = {
			isa = PBXVariantGroup;
			children = (
				4A7027212A559229001E5DFA /* Base */,
			);
			name = Main.storyboard;
			sourceTree = "<group>";
		};
		4A7027252A55922A001E5DFA /* LaunchScreen.storyboard */ = {
			isa = PBXVariantGroup;
			children = (
				4A7027262A55922A001E5DFA /* Base */,
			);
			name = LaunchScreen.storyboard;
			sourceTree = "<group>";
		};
/* End PBXVariantGroup section */

/* Begin XCBuildConfiguration section */
		4A70273F2A55922A001E5DFA /* Debug */ = {
			isa = XCBuildConfiguration;
			buildSettings = {
				ALWAYS_SEARCH_USER_PATHS = NO;
				CLANG_ANALYZER_NONNULL = YES;
				CLANG_ANALYZER_NUMBER_OBJECT_CONVERSION = YES_AGGRESSIVE;
				CLANG_CXX_LANGUAGE_STANDARD = "gnu++20";
				CLANG_ENABLE_MODULES = YES;
				CLANG_ENABLE_OBJC_ARC = YES;
				CLANG_ENABLE_OBJC_WEAK = YES;
				CLANG_WARN_BLOCK_CAPTURE_AUTORELEASING = YES;
				CLANG_WARN_BOOL_CONVERSION = YES;
				CLANG_WARN_COMMA = YES;
				CLANG_WARN_CONSTANT_CONVERSION = YES;
				CLANG_WARN_DEPRECATED_OBJC_IMPLEMENTATIONS = YES;
				CLANG_WARN_DIRECT_OBJC_ISA_USAGE = YES_ERROR;
				CLANG_WARN_DOCUMENTATION_COMMENTS = YES;
				CLANG_WARN_EMPTY_BODY = YES;
				CLANG_WARN_ENUM_CONVERSION = YES;
				CLANG_WARN_INFINITE_RECURSION = YES;
				CLANG_WARN_INT_CONVERSION = YES;
				CLANG_WARN_NON_LITERAL_NULL_CONVERSION = YES;
				CLANG_WARN_OBJC_IMPLICIT_RETAIN_SELF = YES;
				CLANG_WARN_OBJC_LITERAL_CONVERSION = YES;
				CLANG_WARN_OBJC_ROOT_CLASS = YES_ERROR;
				CLANG_WARN_QUOTED_INCLUDE_IN_FRAMEWORK_HEADER = YES;
				CLANG_WARN_RANGE_LOOP_ANALYSIS = YES;
				CLANG_WARN_STRICT_PROTOTYPES = YES;
				CLANG_WARN_SUSPICIOUS_MOVE = YES;
				CLANG_WARN_UNGUARDED_AVAILABILITY = YES_AGGRESSIVE;
				CLANG_WARN_UNREACHABLE_CODE = YES;
				CLANG_WARN__DUPLICATE_METHOD_MATCH = YES;
				COPY_PHASE_STRIP = NO;
				DEBUG_INFORMATION_FORMAT = dwarf;
				ENABLE_STRICT_OBJC_MSGSEND = YES;
				ENABLE_TESTABILITY = YES;
				GCC_C_LANGUAGE_STANDARD = gnu11;
				GCC_DYNAMIC_NO_PIC = NO;
				GCC_NO_COMMON_BLOCKS = YES;
				GCC_OPTIMIZATION_LEVEL = 0;
				GCC_PREPROCESSOR_DEFINITIONS = (
					"DEBUG=1",
					"$(inherited)",
				);
				GCC_WARN_64_TO_32_BIT_CONVERSION = YES;
				GCC_WARN_ABOUT_RETURN_TYPE = YES_ERROR;
				GCC_WARN_UNDECLARED_SELECTOR = YES;
				GCC_WARN_UNINITIALIZED_AUTOS = YES_AGGRESSIVE;
				GCC_WARN_UNUSED_FUNCTION = YES;
				GCC_WARN_UNUSED_VARIABLE = YES;
				IPHONEOS_DEPLOYMENT_TARGET = 16.4;
				MTL_ENABLE_DEBUG_INFO = INCLUDE_SOURCE;
				MTL_FAST_MATH = YES;
				ONLY_ACTIVE_ARCH = YES;
				SDKROOT = iphoneos;
				SWIFT_ACTIVE_COMPILATION_CONDITIONS = DEBUG;
				SWIFT_OPTIMIZATION_LEVEL = "-Onone";
			};
			name = Debug;
		};
		4A7027402A55922A001E5DFA /* Release */ = {
			isa = XCBuildConfiguration;
			buildSettings = {
				ALWAYS_SEARCH_USER_PATHS = NO;
				CLANG_ANALYZER_NONNULL = YES;
				CLANG_ANALYZER_NUMBER_OBJECT_CONVERSION = YES_AGGRESSIVE;
				CLANG_CXX_LANGUAGE_STANDARD = "gnu++20";
				CLANG_ENABLE_MODULES = YES;
				CLANG_ENABLE_OBJC_ARC = YES;
				CLANG_ENABLE_OBJC_WEAK = YES;
				CLANG_WARN_BLOCK_CAPTURE_AUTORELEASING = YES;
				CLANG_WARN_BOOL_CONVERSION = YES;
				CLANG_WARN_COMMA = YES;
				CLANG_WARN_CONSTANT_CONVERSION = YES;
				CLANG_WARN_DEPRECATED_OBJC_IMPLEMENTATIONS = YES;
				CLANG_WARN_DIRECT_OBJC_ISA_USAGE = YES_ERROR;
				CLANG_WARN_DOCUMENTATION_COMMENTS = YES;
				CLANG_WARN_EMPTY_BODY = YES;
				CLANG_WARN_ENUM_CONVERSION = YES;
				CLANG_WARN_INFINITE_RECURSION = YES;
				CLANG_WARN_INT_CONVERSION = YES;
				CLANG_WARN_NON_LITERAL_NULL_CONVERSION = YES;
				CLANG_WARN_OBJC_IMPLICIT_RETAIN_SELF = YES;
				CLANG_WARN_OBJC_LITERAL_CONVERSION = YES;
				CLANG_WARN_OBJC_ROOT_CLASS = YES_ERROR;
				CLANG_WARN_QUOTED_INCLUDE_IN_FRAMEWORK_HEADER = YES;
				CLANG_WARN_RANGE_LOOP_ANALYSIS = YES;
				CLANG_WARN_STRICT_PROTOTYPES = YES;
				CLANG_WARN_SUSPICIOUS_MOVE = YES;
				CLANG_WARN_UNGUARDED_AVAILABILITY = YES_AGGRESSIVE;
				CLANG_WARN_UNREACHABLE_CODE = YES;
				CLANG_WARN__DUPLICATE_METHOD_MATCH = YES;
				COPY_PHASE_STRIP = NO;
				DEBUG_INFORMATION_FORMAT = "dwarf-with-dsym";
				ENABLE_NS_ASSERTIONS = NO;
				ENABLE_STRICT_OBJC_MSGSEND = YES;
				GCC_C_LANGUAGE_STANDARD = gnu11;
				GCC_NO_COMMON_BLOCKS = YES;
				GCC_WARN_64_TO_32_BIT_CONVERSION = YES;
				GCC_WARN_ABOUT_RETURN_TYPE = YES_ERROR;
				GCC_WARN_UNDECLARED_SELECTOR = YES;
				GCC_WARN_UNINITIALIZED_AUTOS = YES_AGGRESSIVE;
				GCC_WARN_UNUSED_FUNCTION = YES;
				GCC_WARN_UNUSED_VARIABLE = YES;
				IPHONEOS_DEPLOYMENT_TARGET = 16.4;
				MTL_ENABLE_DEBUG_INFO = NO;
				MTL_FAST_MATH = YES;
				SDKROOT = iphoneos;
				SWIFT_COMPILATION_MODE = wholemodule;
				SWIFT_OPTIMIZATION_LEVEL = "-O";
				VALIDATE_PRODUCT = YES;
			};
			name = Release;
		};
		4A7027422A55922A001E5DFA /* Debug */ = {
			isa = XCBuildConfiguration;
			buildSettings = {
				ASSETCATALOG_COMPILER_APPICON_NAME = AppIcon;
				ASSETCATALOG_COMPILER_GLOBAL_ACCENT_COLOR_NAME = AccentColor;
				CODE_SIGN_STYLE = Automatic;
				CURRENT_PROJECT_VERSION = 1;
				DEVELOPMENT_TEAM = SS7U83UJNK;
				GENERATE_INFOPLIST_FILE = YES;
				INFOPLIST_FILE = ExRefactor_11_1/Info.plist;
				INFOPLIST_KEY_UIApplicationSupportsIndirectInputEvents = YES;
				INFOPLIST_KEY_UILaunchStoryboardName = LaunchScreen;
				INFOPLIST_KEY_UIMainStoryboardFile = Main;
				INFOPLIST_KEY_UISupportedInterfaceOrientations_iPad = "UIInterfaceOrientationPortrait UIInterfaceOrientationPortraitUpsideDown UIInterfaceOrientationLandscapeLeft UIInterfaceOrientationLandscapeRight";
				INFOPLIST_KEY_UISupportedInterfaceOrientations_iPhone = "UIInterfaceOrientationPortrait UIInterfaceOrientationLandscapeLeft UIInterfaceOrientationLandscapeRight";
				LD_RUNPATH_SEARCH_PATHS = (
					"$(inherited)",
					"@executable_path/Frameworks",
				);
				MARKETING_VERSION = 1.0;
				PRODUCT_BUNDLE_IDENTIFIER = "com.jake.ExRefactor-11-1";
				PRODUCT_NAME = "$(TARGET_NAME)";
				SWIFT_EMIT_LOC_STRINGS = YES;
				SWIFT_VERSION = 5.0;
				TARGETED_DEVICE_FAMILY = "1,2";
			};
			name = Debug;
		};
		4A7027432A55922A001E5DFA /* Release */ = {
			isa = XCBuildConfiguration;
			buildSettings = {
				ASSETCATALOG_COMPILER_APPICON_NAME = AppIcon;
				ASSETCATALOG_COMPILER_GLOBAL_ACCENT_COLOR_NAME = AccentColor;
				CODE_SIGN_STYLE = Automatic;
				CURRENT_PROJECT_VERSION = 1;
				DEVELOPMENT_TEAM = SS7U83UJNK;
				GENERATE_INFOPLIST_FILE = YES;
				INFOPLIST_FILE = ExRefactor_11_1/Info.plist;
				INFOPLIST_KEY_UIApplicationSupportsIndirectInputEvents = YES;
				INFOPLIST_KEY_UILaunchStoryboardName = LaunchScreen;
				INFOPLIST_KEY_UIMainStoryboardFile = Main;
				INFOPLIST_KEY_UISupportedInterfaceOrientations_iPad = "UIInterfaceOrientationPortrait UIInterfaceOrientationPortraitUpsideDown UIInterfaceOrientationLandscapeLeft UIInterfaceOrientationLandscapeRight";
				INFOPLIST_KEY_UISupportedInterfaceOrientations_iPhone = "UIInterfaceOrientationPortrait UIInterfaceOrientationLandscapeLeft UIInterfaceOrientationLandscapeRight";
				LD_RUNPATH_SEARCH_PATHS = (
					"$(inherited)",
					"@executable_path/Frameworks",
				);
				MARKETING_VERSION = 1.0;
				PRODUCT_BUNDLE_IDENTIFIER = "com.jake.ExRefactor-11-1";
				PRODUCT_NAME = "$(TARGET_NAME)";
				SWIFT_EMIT_LOC_STRINGS = YES;
				SWIFT_VERSION = 5.0;
				TARGETED_DEVICE_FAMILY = "1,2";
			};
			name = Release;
		};
		4A7027452A55922A001E5DFA /* Debug */ = {
			isa = XCBuildConfiguration;
			buildSettings = {
				ALWAYS_EMBED_SWIFT_STANDARD_LIBRARIES = YES;
				BUNDLE_LOADER = "$(TEST_HOST)";
				CODE_SIGN_STYLE = Automatic;
				CURRENT_PROJECT_VERSION = 1;
				DEVELOPMENT_TEAM = SS7U83UJNK;
				GENERATE_INFOPLIST_FILE = YES;
				IPHONEOS_DEPLOYMENT_TARGET = 16.4;
				MARKETING_VERSION = 1.0;
				PRODUCT_BUNDLE_IDENTIFIER = "com.jake.ExRefactor-11-1Tests";
				PRODUCT_NAME = "$(TARGET_NAME)";
				SWIFT_EMIT_LOC_STRINGS = NO;
				SWIFT_VERSION = 5.0;
				TARGETED_DEVICE_FAMILY = "1,2";
				TEST_HOST = "$(BUILT_PRODUCTS_DIR)/ExRefactor_11_1.app/$(BUNDLE_EXECUTABLE_FOLDER_PATH)/ExRefactor_11_1";
			};
			name = Debug;
		};
		4A7027462A55922A001E5DFA /* Release */ = {
			isa = XCBuildConfiguration;
			buildSettings = {
				ALWAYS_EMBED_SWIFT_STANDARD_LIBRARIES = YES;
				BUNDLE_LOADER = "$(TEST_HOST)";
				CODE_SIGN_STYLE = Automatic;
				CURRENT_PROJECT_VERSION = 1;
				DEVELOPMENT_TEAM = SS7U83UJNK;
				GENERATE_INFOPLIST_FILE = YES;
				IPHONEOS_DEPLOYMENT_TARGET = 16.4;
				MARKETING_VERSION = 1.0;
				PRODUCT_BUNDLE_IDENTIFIER = "com.jake.ExRefactor-11-1Tests";
				PRODUCT_NAME = "$(TARGET_NAME)";
				SWIFT_EMIT_LOC_STRINGS = NO;
				SWIFT_VERSION = 5.0;
				TARGETED_DEVICE_FAMILY = "1,2";
				TEST_HOST = "$(BUILT_PRODUCTS_DIR)/ExRefactor_11_1.app/$(BUNDLE_EXECUTABLE_FOLDER_PATH)/ExRefactor_11_1";
			};
			name = Release;
		};
		4A7027482A55922A001E5DFA /* Debug */ = {
			isa = XCBuildConfiguration;
			buildSettings = {
				ALWAYS_EMBED_SWIFT_STANDARD_LIBRARIES = YES;
				CODE_SIGN_STYLE = Automatic;
				CURRENT_PROJECT_VERSION = 1;
				DEVELOPMENT_TEAM = SS7U83UJNK;
				GENERATE_INFOPLIST_FILE = YES;
				MARKETING_VERSION = 1.0;
				PRODUCT_BUNDLE_IDENTIFIER = "com.jake.ExRefactor-11-1UITests";
				PRODUCT_NAME = "$(TARGET_NAME)";
				SWIFT_EMIT_LOC_STRINGS = NO;
				SWIFT_VERSION = 5.0;
				TARGETED_DEVICE_FAMILY = "1,2";
				TEST_TARGET_NAME = ExRefactor_11_1;
			};
			name = Debug;
		};
		4A7027492A55922A001E5DFA /* Release */ = {
			isa = XCBuildConfiguration;
			buildSettings = {
				ALWAYS_EMBED_SWIFT_STANDARD_LIBRARIES = YES;
				CODE_SIGN_STYLE = Automatic;
				CURRENT_PROJECT_VERSION = 1;
				DEVELOPMENT_TEAM = SS7U83UJNK;
				GENERATE_INFOPLIST_FILE = YES;
				MARKETING_VERSION = 1.0;
				PRODUCT_BUNDLE_IDENTIFIER = "com.jake.ExRefactor-11-1UITests";
				PRODUCT_NAME = "$(TARGET_NAME)";
				SWIFT_EMIT_LOC_STRINGS = NO;
				SWIFT_VERSION = 5.0;
				TARGETED_DEVICE_FAMILY = "1,2";
				TEST_TARGET_NAME = ExRefactor_11_1;
			};
			name = Release;
		};
/* End XCBuildConfiguration section */

/* Begin XCConfigurationList section */
		4A7027122A559229001E5DFA /* Build configuration list for PBXProject "ExRefactor_11_1" */ = {
			isa = XCConfigurationList;
			buildConfigurations = (
				4A70273F2A55922A001E5DFA /* Debug */,
				4A7027402A55922A001E5DFA /* Release */,
			);
			defaultConfigurationIsVisible = 0;
			defaultConfigurationName = Release;
		};
		4A7027412A55922A001E5DFA /* Build configuration list for PBXNativeTarget "ExRefactor_11_1" */ = {
			isa = XCConfigurationList;
			buildConfigurations = (
				4A7027422A55922A001E5DFA /* Debug */,
				4A7027432A55922A001E5DFA /* Release */,
			);
			defaultConfigurationIsVisible = 0;
			defaultConfigurationName = Release;
		};
		4A7027442A55922A001E5DFA /* Build configuration list for PBXNativeTarget "ExRefactor_11_1Tests" */ = {
			isa = XCConfigurationList;
			buildConfigurations = (
				4A7027452A55922A001E5DFA /* Debug */,
				4A7027462A55922A001E5DFA /* Release */,
			);
			defaultConfigurationIsVisible = 0;
			defaultConfigurationName = Release;
		};
		4A7027472A55922A001E5DFA /* Build configuration list for PBXNativeTarget "ExRefactor_11_1UITests" */ = {
			isa = XCConfigurationList;
			buildConfigurations = (
				4A7027482A55922A001E5DFA /* Debug */,
				4A7027492A55922A001E5DFA /* Release */,
			);
			defaultConfigurationIsVisible = 0;
			defaultConfigurationName = Release;
		};
/* End XCConfigurationList section */
	};
	rootObject = 4A70270F2A559229001E5DFA /* Project object */;
}
